
Microsoft Visual Studio Solution File, Format Version 12.00
# Visual Studio 15
Project("{FAE04EC0-301F-11D3-BF4B-00C04F79EFBC}") = "udpServer", "udpServer\udpServer.csproj", "{641907C4-6DE6-4919-9B0F-E8A65DA26AB3}"
EndProject
Global
	GlobalSection(SolutionConfigurationPlatforms) = preSolution
		Debug|Any CPU = Debug|Any CPU
		Release|Any CPU = Release|Any CPU
	EndGlobalSection
	GlobalSection(ProjectConfigurationPlatforms) = postSolution
		{641907C4-6DE6-4919-9B0F-E8A65DA26AB3}.Debug|Any CPU.ActiveCfg = Debug|Any CPU
		{641907C4-6DE6-4919-9B0F-E8A65DA26AB3}.Debug|Any CPU.Build.0 = Debug|Any CPU
		{641907C4-6DE6-4919-9B0F-E8A65DA26AB3}.Release|Any CPU.ActiveCfg = Release|Any CPU
		{641907C4-6DE6-4919-9B0F-E8A65DA26AB3}.Release|Any CPU.Build.0 = Release|Any CPU
	EndGlobalSection
EndGlobal
