
Microsoft Visual Studio Solution File, Format Version 12.00
# Visual Studio 15
Project("{FAE04EC0-301F-11D3-BF4B-00C04F79EFBC}") = "encodingUTF", "encodingUTF\encodingUTF.csproj", "{8A1FF620-A627-4B33-B574-CCC7D1694DBA}"
EndProject
Global
	GlobalSection(SolutionConfigurationPlatforms) = preSolution
		Debug|Any CPU = Debug|Any CPU
		Release|Any CPU = Release|Any CPU
	EndGlobalSection
	GlobalSection(ProjectConfigurationPlatforms) = postSolution
		{8A1FF620-A627-4B33-B574-CCC7D1694DBA}.Debug|Any CPU.ActiveCfg = Debug|Any CPU
		{8A1FF620-A627-4B33-B574-CCC7D1694DBA}.Debug|Any CPU.Build.0 = Debug|Any CPU
		{8A1FF620-A627-4B33-B574-CCC7D1694DBA}.Release|Any CPU.ActiveCfg = Release|Any CPU
		{8A1FF620-A627-4B33-B574-CCC7D1694DBA}.Release|Any CPU.Build.0 = Release|Any CPU
	EndGlobalSection
EndGlobal
