
Microsoft Visual Studio Solution File, Format Version 12.00
# Visual Studio 15
Project("{FAE04EC0-301F-11D3-BF4B-00C04F79EFBC}") = "awaitServer", "awaitServer\awaitServer.csproj", "{EB13AE4F-D350-448B-9DA5-DA07FE147CFF}"
EndProject
Global
	GlobalSection(SolutionConfigurationPlatforms) = preSolution
		Debug|Any CPU = Debug|Any CPU
		Release|Any CPU = Release|Any CPU
	EndGlobalSection
	GlobalSection(ProjectConfigurationPlatforms) = postSolution
		{EB13AE4F-D350-448B-9DA5-DA07FE147CFF}.Debug|Any CPU.ActiveCfg = Debug|Any CPU
		{EB13AE4F-D350-448B-9DA5-DA07FE147CFF}.Debug|Any CPU.Build.0 = Debug|Any CPU
		{EB13AE4F-D350-448B-9DA5-DA07FE147CFF}.Release|Any CPU.ActiveCfg = Release|Any CPU
		{EB13AE4F-D350-448B-9DA5-DA07FE147CFF}.Release|Any CPU.Build.0 = Release|Any CPU
	EndGlobalSection
EndGlobal
