
Microsoft Visual Studio Solution File, Format Version 12.00
# Visual Studio 15
Project("{FAE04EC0-301F-11D3-BF4B-00C04F79EFBC}") = "byteToString", "byteToString.csproj", "{1D18B2CC-D1F5-42AA-B17C-89FA75E4FA04}"
EndProject
Global
	GlobalSection(SolutionConfigurationPlatforms) = preSolution
		Debug|Any CPU = Debug|Any CPU
		Release|Any CPU = Release|Any CPU
	EndGlobalSection
	GlobalSection(ProjectConfigurationPlatforms) = postSolution
		{1D18B2CC-D1F5-42AA-B17C-89FA75E4FA04}.Debug|Any CPU.ActiveCfg = Debug|Any CPU
		{1D18B2CC-D1F5-42AA-B17C-89FA75E4FA04}.Debug|Any CPU.Build.0 = Debug|Any CPU
		{1D18B2CC-D1F5-42AA-B17C-89FA75E4FA04}.Release|Any CPU.ActiveCfg = Release|Any CPU
		{1D18B2CC-D1F5-42AA-B17C-89FA75E4FA04}.Release|Any CPU.Build.0 = Release|Any CPU
	EndGlobalSection
EndGlobal
