
Microsoft Visual Studio Solution File, Format Version 12.00
# Visual Studio 15
Project("{FAE04EC0-301F-11D3-BF4B-00C04F79EFBC}") = "clientTest", "clientTest\clientTest.csproj", "{52253C28-6A26-481B-B1AC-9199AD049199}"
EndProject
Global
	GlobalSection(SolutionConfigurationPlatforms) = preSolution
		Debug|Any CPU = Debug|Any CPU
		Release|Any CPU = Release|Any CPU
	EndGlobalSection
	GlobalSection(ProjectConfigurationPlatforms) = postSolution
		{52253C28-6A26-481B-B1AC-9199AD049199}.Debug|Any CPU.ActiveCfg = Debug|Any CPU
		{52253C28-6A26-481B-B1AC-9199AD049199}.Debug|Any CPU.Build.0 = Debug|Any CPU
		{52253C28-6A26-481B-B1AC-9199AD049199}.Release|Any CPU.ActiveCfg = Release|Any CPU
		{52253C28-6A26-481B-B1AC-9199AD049199}.Release|Any CPU.Build.0 = Release|Any CPU
	EndGlobalSection
EndGlobal
